{
  "requires": true,
  "lockfileVersion": 1,
  "dependencies": {
    "@nestjs/microservices": {
      "version": "6.11.4",
      "resolved": "http://npm.caps.ua.edu/@nestjs%2fmicroservices/-/microservices-6.11.4.tgz",
      "integrity": "sha512-Zj3ONssMRykDEiz7fzBbadlXkSyMAApjSfgv05JHYbrIk8rxwDFwAeoHWRc1hOWo8joCXpW54vsBtTQ1GUr7Vg==",
      "requires": {
        "iterare": "1.2.0",
        "json-socket": "0.3.0",
        "tslib": "1.10.0"
      }
    },
    "iterare": {
      "version": "1.2.0",
      "resolved": "http://npm.caps.ua.edu/iterare/-/iterare-1.2.0.tgz",
      "integrity": "sha512-RxMV9p/UzdK0Iplnd8mVgRvNdXlsTOiuDrqMRnDi3wIhbT+JP4xDquAX9ay13R3CH72NBzQ91KWe0+C168QAyQ=="
    },
    "json-socket": {
      "version": "0.3.0",
      "resolved": "http://npm.caps.ua.edu/json-socket/-/json-socket-0.3.0.tgz",
      "integrity": "sha512-jc8ZbUnYIWdxERFWQKVgwSLkGSe+kyzvmYxwNaRgx/c8NNyuHes4UHnPM3LUrAFXUx1BhNJ94n1h/KCRlbvV0g=="
    },
    "tslib": {
      "version": "1.10.0",
      "resolved": "http://npm.caps.ua.edu/tslib/-/tslib-1.10.0.tgz",
      "integrity": "sha512-qOebF53frne81cf0S9B41ByenJ3/IuH8yJKngAX35CmiZySA0khhkovshKK+jGCaMnVomla7gVlIcc3EvKPbTQ=="
    }
  }
}
